<?xml version="1.0" encoding="utf-8"?>
<Project ToolsVersion="4.0" xmlns="http://schemas.microsoft.com/developer/msbuild/2003">
  <ItemGroup>
    <Filter Include="Source Files">
      <UniqueIdentifier>{4FC737F1-C7A5-4376-A066-2A32D752A2FF}</UniqueIdentifier>
      <Extensions>cpp;c;cc;cxx;def;odl;idl;hpj;bat;asm;asmx</Extensions>
    </Filter>
    <Filter Include="Header Files">
      <UniqueIdentifier>{93995380-89BD-4b04-88EB-625FBE52EBFB}</UniqueIdentifier>
      <Extensions>h;hh;hpp;hxx;hm;inl;inc;xsd</Extensions>
    </Filter>
    <Filter Include="Resource Files">
      <UniqueIdentifier>{67DA6AB6-F800-4c08-8B7A-83BB121AAD01}</UniqueIdentifier>
      <Extensions>rc;ico;cur;bmp;dlg;rc2;rct;bin;rgs;gif;jpg;jpeg;jpe;resx;tiff;tif;png;wav;mfcribbon-ms</Extensions>
    </Filter>
    <Filter Include="Source Files\Program1">
      <UniqueIdentifier>{306b4822-e08c-4873-acdd-727a8d3863f9}</UniqueIdentifier>
    </Filter>
    <Filter Include="Source Files\Program2">
      <UniqueIdentifier>{c2b4ac02-0443-4315-971f-e7dc23a30436}</UniqueIdentifier>
    </Filter>
    <Filter Include="Source Files\Program3">
      <UniqueIdentifier>{50dd282e-56b0-49a2-ae7c-9775cb22d9bf}</UniqueIdentifier>
    </Filter>
    <Filter Include="Source Files\Program4">
      <UniqueIdentifier>{04d13e73-1afb-4739-99e1-c199fbd99ed7}</UniqueIdentifier>
    </Filter>
    <Filter Include="Source Files\Program5">
      <UniqueIdentifier>{d652f0eb-dd3d-4a49-a556-7841f3a0c04f}</UniqueIdentifier>
    </Filter>
    <Filter Include="Source Files\Program 6">
      <UniqueIdentifier>{0d542033-989d-4bb8-bb55-d5c62d19f4c6}</UniqueIdentifier>
    </Filter>
    <Filter Include="Source Files\Program7">
      <UniqueIdentifier>{31a375ab-a58b-4df5-88cd-9347ba93ac27}</UniqueIdentifier>
    </Filter>
    <Filter Include="Source Files\Program8">
      <UniqueIdentifier>{5697d0ce-108c-406f-b7eb-6af6943e950d}</UniqueIdentifier>
    </Filter>
    <Filter Include="Source Files\Program9">
      <UniqueIdentifier>{790ed7a2-8647-483a-a64a-384799d8a01f}</UniqueIdentifier>
    </Filter>
    <Filter Include="Source Files\Prorgam10">
      <UniqueIdentifier>{1d02a333-4b12-46da-bede-9f46443b6b0c}</UniqueIdentifier>
    </Filter>
  </ItemGroup>
  <ItemGroup>
    <ClInclude Include="Header.h">
      <Filter>Header Files</Filter>
    </ClInclude>
  </ItemGroup>
  <ItemGroup>
    <ClCompile Include="helper.cpp">
      <Filter>Source Files\Program1</Filter>
    </ClCompile>
    <ClCompile Include="helper2.cpp">
      <Filter>Source Files\Program2</Filter>
    </ClCompile>
    <ClCompile Include="mainfile.cpp">
      <Filter>Source Files</Filter>
    </ClCompile>
    <ClCompile Include="helper3.cpp">
      <Filter>Source Files\Program3</Filter>
    </ClCompile>
    <ClCompile Include="helper4.cpp">
      <Filter>Source Files\Program4</Filter>
    </ClCompile>
    <ClCompile Include="helper5.cpp">
      <Filter>Source Files\Program5</Filter>
    </ClCompile>
    <ClCompile Include="helper6.cpp">
      <Filter>Source Files\Program 6</Filter>
    </ClCompile>
    <ClCompile Include="helper7.cpp">
      <Filter>Source Files\Program7</Filter>
    </ClCompile>
    <ClCompile Include="helper8.cpp">
      <Filter>Source Files\Program8</Filter>
    </ClCompile>
    <ClCompile Include="helper9.cpp">
      <Filter>Source Files\Program9</Filter>
    </ClCompile>
    <ClCompile Include="helper10.cpp">
      <Filter>Source Files\Prorgam10</Filter>
    </ClCompile>
  </ItemGroup>
</Project>