<?xml version="1.0" encoding="utf-8"?>
<Project ToolsVersion="4.0" xmlns="http://schemas.microsoft.com/developer/msbuild/2003">
  <ItemGroup>
    <Filter Include="Source Files">
      <UniqueIdentifier>{4FC737F1-C7A5-4376-A066-2A32D752A2FF}</UniqueIdentifier>
      <Extensions>cpp;c;cc;cxx;def;odl;idl;hpj;bat;asm;asmx</Extensions>
    </Filter>
    <Filter Include="Header Files">
      <UniqueIdentifier>{93995380-89BD-4b04-88EB-625FBE52EBFB}</UniqueIdentifier>
      <Extensions>h;hh;hpp;hxx;hm;inl;inc;xsd</Extensions>
    </Filter>
    <Filter Include="Resource Files">
      <UniqueIdentifier>{67DA6AB6-F800-4c08-8B7A-83BB121AAD01}</UniqueIdentifier>
      <Extensions>rc;ico;cur;bmp;dlg;rc2;rct;bin;rgs;gif;jpg;jpeg;jpe;resx;tiff;tif;png;wav;mfcribbon-ms</Extensions>
    </Filter>
    <Filter Include="Source Files\Program1">
      <UniqueIdentifier>{c79345f6-677b-421c-b62e-b42b3d7cda99}</UniqueIdentifier>
    </Filter>
    <Filter Include="Source Files\Program2">
      <UniqueIdentifier>{9a06d1f0-2e51-468b-bafd-668716efb94a}</UniqueIdentifier>
    </Filter>
    <Filter Include="Source Files\Program3">
      <UniqueIdentifier>{ac3d067f-09ad-4e88-b960-eb747dbc0bd6}</UniqueIdentifier>
    </Filter>
    <Filter Include="Source Files\Program4">
      <UniqueIdentifier>{953bf2bf-2802-482b-bb6d-a08433cc561d}</UniqueIdentifier>
    </Filter>
    <Filter Include="Source Files\Program5">
      <UniqueIdentifier>{3663f4af-eea4-4ed7-b1da-83e63785047a}</UniqueIdentifier>
    </Filter>
    <Filter Include="Source Files\Program6">
      <UniqueIdentifier>{d9e0cd33-73cb-4e77-b7b7-7fbd3c05deec}</UniqueIdentifier>
    </Filter>
    <Filter Include="Source Files\Program7">
      <UniqueIdentifier>{c840a0ed-44c1-45fb-8eb2-3ff250cfaed8}</UniqueIdentifier>
    </Filter>
    <Filter Include="Source Files\Program8">
      <UniqueIdentifier>{da6b13d7-c964-492a-bdb6-3ac6f4e2b028}</UniqueIdentifier>
    </Filter>
    <Filter Include="Source Files\Program9">
      <UniqueIdentifier>{3b35998f-b27a-41a9-a404-5bb3f6f7b5e6}</UniqueIdentifier>
    </Filter>
    <Filter Include="Source Files\Program10">
      <UniqueIdentifier>{5d1834f7-2fdd-4d4f-a922-d475b6c356f8}</UniqueIdentifier>
    </Filter>
  </ItemGroup>
  <ItemGroup>
    <ClInclude Include="Header.h">
      <Filter>Header Files</Filter>
    </ClInclude>
  </ItemGroup>
  <ItemGroup>
    <ClCompile Include="Helper1.cpp">
      <Filter>Source Files\Program1</Filter>
    </ClCompile>
    <ClCompile Include="mainfile.cpp">
      <Filter>Source Files</Filter>
    </ClCompile>
    <ClCompile Include="helper2.cpp">
      <Filter>Source Files\Program2</Filter>
    </ClCompile>
    <ClCompile Include="helper3.cpp">
      <Filter>Source Files\Program3</Filter>
    </ClCompile>
    <ClCompile Include="helper4.cpp">
      <Filter>Source Files\Program4</Filter>
    </ClCompile>
    <ClCompile Include="helper5.cpp">
      <Filter>Source Files\Program5</Filter>
    </ClCompile>
    <ClCompile Include="helper6.cpp">
      <Filter>Source Files\Program6</Filter>
    </ClCompile>
    <ClCompile Include="helper7.cpp">
      <Filter>Source Files\Program7</Filter>
    </ClCompile>
    <ClCompile Include="helper8.cpp">
      <Filter>Source Files\Program8</Filter>
    </ClCompile>
    <ClCompile Include="helper9.cpp">
      <Filter>Source Files\Program9</Filter>
    </ClCompile>
    <ClCompile Include="helper10.cpp">
      <Filter>Source Files\Program10</Filter>
    </ClCompile>
  </ItemGroup>
</Project>