<?xml version="1.0" encoding="utf-8"?>
<Project ToolsVersion="4.0" xmlns="http://schemas.microsoft.com/developer/msbuild/2003">
  <ItemGroup>
    <Filter Include="Source Files">
      <UniqueIdentifier>{4FC737F1-C7A5-4376-A066-2A32D752A2FF}</UniqueIdentifier>
      <Extensions>cpp;c;cc;cxx;def;odl;idl;hpj;bat;asm;asmx</Extensions>
    </Filter>
    <Filter Include="Header Files">
      <UniqueIdentifier>{93995380-89BD-4b04-88EB-625FBE52EBFB}</UniqueIdentifier>
      <Extensions>h;hh;hpp;hxx;hm;inl;inc;xsd</Extensions>
    </Filter>
    <Filter Include="Resource Files">
      <UniqueIdentifier>{67DA6AB6-F800-4c08-8B7A-83BB121AAD01}</UniqueIdentifier>
      <Extensions>rc;ico;cur;bmp;dlg;rc2;rct;bin;rgs;gif;jpg;jpeg;jpe;resx;tiff;tif;png;wav;mfcribbon-ms</Extensions>
    </Filter>
    <Filter Include="Source Files\Program1">
      <UniqueIdentifier>{476bdea6-e5a5-4a7b-9a98-12a9cb5700cf}</UniqueIdentifier>
    </Filter>
    <Filter Include="Source Files\Program2">
      <UniqueIdentifier>{8bf25fda-b2ab-4263-8095-1c3f0dd3e728}</UniqueIdentifier>
    </Filter>
    <Filter Include="Source Files\Program3">
      <UniqueIdentifier>{fae3c802-9d40-41f5-b0ae-6f730b32c3a6}</UniqueIdentifier>
    </Filter>
    <Filter Include="Source Files\Program4">
      <UniqueIdentifier>{4583fc6c-3d32-4e0b-a8bd-3e76ea0fd755}</UniqueIdentifier>
    </Filter>
    <Filter Include="Source Files\Program5">
      <UniqueIdentifier>{9d752426-f4d6-4530-8e74-860c3b9d225c}</UniqueIdentifier>
    </Filter>
    <Filter Include="Source Files\Program6">
      <UniqueIdentifier>{065d1768-7375-43c2-851f-e3c4c8e269cb}</UniqueIdentifier>
    </Filter>
    <Filter Include="Source Files\Program7">
      <UniqueIdentifier>{7cd8f42a-bf2a-4d91-8d52-432df14ff87b}</UniqueIdentifier>
    </Filter>
    <Filter Include="Source Files\Program8">
      <UniqueIdentifier>{e6ddeb41-4ec2-41b9-9856-fe1d47cc557c}</UniqueIdentifier>
    </Filter>
    <Filter Include="Source Files\Program9">
      <UniqueIdentifier>{fd5e3ab6-6640-40a3-91c7-ec31d252d735}</UniqueIdentifier>
    </Filter>
    <Filter Include="Source Files\Program 10">
      <UniqueIdentifier>{5f578b64-0422-4c64-a047-11b7cc44e70b}</UniqueIdentifier>
    </Filter>
  </ItemGroup>
  <ItemGroup>
    <ClInclude Include="Header.h">
      <Filter>Header Files</Filter>
    </ClInclude>
  </ItemGroup>
  <ItemGroup>
    <ClCompile Include="Helper.cpp">
      <Filter>Source Files\Program1</Filter>
    </ClCompile>
    <ClCompile Include="mainfile.cpp">
      <Filter>Source Files</Filter>
    </ClCompile>
    <ClCompile Include="Helper2.cpp">
      <Filter>Source Files\Program2</Filter>
    </ClCompile>
    <ClCompile Include="Helper3.cpp">
      <Filter>Source Files\Program3</Filter>
    </ClCompile>
    <ClCompile Include="Helper4.cpp">
      <Filter>Source Files\Program4</Filter>
    </ClCompile>
    <ClCompile Include="Helper5.cpp">
      <Filter>Source Files\Program5</Filter>
    </ClCompile>
    <ClCompile Include="Helper6.cpp">
      <Filter>Source Files\Program6</Filter>
    </ClCompile>
    <ClCompile Include="Helper7.cpp">
      <Filter>Source Files\Program7</Filter>
    </ClCompile>
    <ClCompile Include="Helper8.cpp">
      <Filter>Source Files\Program8</Filter>
    </ClCompile>
    <ClCompile Include="Helper9.cpp">
      <Filter>Source Files\Program9</Filter>
    </ClCompile>
    <ClCompile Include="Helper10.cpp">
      <Filter>Source Files\Program 10</Filter>
    </ClCompile>
  </ItemGroup>
</Project>