<?xml version="1.0" encoding="utf-8"?>
<Project ToolsVersion="4.0" xmlns="http://schemas.microsoft.com/developer/msbuild/2003">
  <ItemGroup>
    <Filter Include="Source Files">
      <UniqueIdentifier>{4FC737F1-C7A5-4376-A066-2A32D752A2FF}</UniqueIdentifier>
      <Extensions>cpp;c;cc;cxx;def;odl;idl;hpj;bat;asm;asmx</Extensions>
    </Filter>
    <Filter Include="Header Files">
      <UniqueIdentifier>{93995380-89BD-4b04-88EB-625FBE52EBFB}</UniqueIdentifier>
      <Extensions>h;hh;hpp;hxx;hm;inl;inc;xsd</Extensions>
    </Filter>
    <Filter Include="Resource Files">
      <UniqueIdentifier>{67DA6AB6-F800-4c08-8B7A-83BB121AAD01}</UniqueIdentifier>
      <Extensions>rc;ico;cur;bmp;dlg;rc2;rct;bin;rgs;gif;jpg;jpeg;jpe;resx;tiff;tif;png;wav;mfcribbon-ms</Extensions>
    </Filter>
    <Filter Include="Source Files\Program1">
      <UniqueIdentifier>{3a6b4b81-130e-4001-8b45-dc080d788a33}</UniqueIdentifier>
    </Filter>
    <Filter Include="Source Files\Program2">
      <UniqueIdentifier>{7d6c555c-88b3-4489-8abd-776c614c1f53}</UniqueIdentifier>
    </Filter>
    <Filter Include="Source Files\Program5">
      <UniqueIdentifier>{a591fe1c-9199-4dae-9571-c33df2e1e6f1}</UniqueIdentifier>
    </Filter>
    <Filter Include="Source Files\Program6">
      <UniqueIdentifier>{61d895b2-85fa-4722-8345-a5fbfb7821f1}</UniqueIdentifier>
    </Filter>
    <Filter Include="Source Files\Program7">
      <UniqueIdentifier>{b9098378-989c-44ce-add0-a6c3ab174d03}</UniqueIdentifier>
    </Filter>
    <Filter Include="Source Files\Program8">
      <UniqueIdentifier>{a59a19f8-ebf6-4c31-b1b3-e35047ae7aed}</UniqueIdentifier>
    </Filter>
    <Filter Include="Source Files\Program4">
      <UniqueIdentifier>{71a454c4-7a31-4814-9535-390cf73b234c}</UniqueIdentifier>
    </Filter>
    <Filter Include="Source Files\Program9">
      <UniqueIdentifier>{7881c9c0-8a2b-49a7-9a0c-32cb88f80816}</UniqueIdentifier>
    </Filter>
    <Filter Include="Source Files\Program10">
      <UniqueIdentifier>{bbab746e-fa0a-4668-9b7f-af39af0a1d01}</UniqueIdentifier>
    </Filter>
  </ItemGroup>
  <ItemGroup>
    <ClCompile Include="helper1.cpp">
      <Filter>Source Files\Program1</Filter>
    </ClCompile>
    <ClCompile Include="mainfile.cpp">
      <Filter>Source Files</Filter>
    </ClCompile>
    <ClCompile Include="helper2.cpp">
      <Filter>Source Files\Program2</Filter>
    </ClCompile>
    <ClCompile Include="helper4.cpp">
      <Filter>Source Files\Program4</Filter>
    </ClCompile>
    <ClCompile Include="helper5.cpp">
      <Filter>Source Files\Program5</Filter>
    </ClCompile>
    <ClCompile Include="helper6.cpp">
      <Filter>Source Files\Program6</Filter>
    </ClCompile>
    <ClCompile Include="helper7.cpp">
      <Filter>Source Files\Program7</Filter>
    </ClCompile>
    <ClCompile Include="helper8.cpp">
      <Filter>Source Files\Program8</Filter>
    </ClCompile>
    <ClCompile Include="helper9.cpp">
      <Filter>Source Files\Program9</Filter>
    </ClCompile>
    <ClCompile Include="helper10.cpp">
      <Filter>Source Files\Program10</Filter>
    </ClCompile>
  </ItemGroup>
  <ItemGroup>
    <ClInclude Include="Header.h">
      <Filter>Header Files</Filter>
    </ClInclude>
  </ItemGroup>
</Project>